
Microsoft Visual Studio Solution File, Format Version 12.00
# Visual Studio Version 17
VisualStudioVersion = 17.3.32901.215
MinimumVisualStudioVersion = 10.0.40219.1
Project("{8BC9CEB8-8B4A-11D0-8D11-00A0C91BC942}") = "classwork 16.02(2)", "classwork 16.02(2)\classwork 16.02(2).vcxproj", "{494200F6-60E1-49E0-82E8-58642EE4B022}"
EndProject
Global
	GlobalSection(SolutionConfigurationPlatforms) = preSolution
		Debug|x64 = Debug|x64
		Debug|x86 = Debug|x86
		Release|x64 = Release|x64
		Release|x86 = Release|x86
	EndGlobalSection
	GlobalSection(ProjectConfigurationPlatforms) = postSolution
		{494200F6-60E1-49E0-82E8-58642EE4B022}.Debug|x64.ActiveCfg = Debug|x64
		{494200F6-60E1-49E0-82E8-58642EE4B022}.Debug|x64.Build.0 = Debug|x64
		{494200F6-60E1-49E0-82E8-58642EE4B022}.Debug|x86.ActiveCfg = Debug|Win32
		{494200F6-60E1-49E0-82E8-58642EE4B022}.Debug|x86.Build.0 = Debug|Win32
		{494200F6-60E1-49E0-82E8-58642EE4B022}.Release|x64.ActiveCfg = Release|x64
		{494200F6-60E1-49E0-82E8-58642EE4B022}.Release|x64.Build.0 = Release|x64
		{494200F6-60E1-49E0-82E8-58642EE4B022}.Release|x86.ActiveCfg = Release|Win32
		{494200F6-60E1-49E0-82E8-58642EE4B022}.Release|x86.Build.0 = Release|Win32
	EndGlobalSection
	GlobalSection(SolutionProperties) = preSolution
		HideSolutionNode = FALSE
	EndGlobalSection
	GlobalSection(ExtensibilityGlobals) = postSolution
		SolutionGuid = {796A724B-356A-4470-A6BE-263885CEF4B3}
	EndGlobalSection
EndGlobal
