
Microsoft Visual Studio Solution File, Format Version 12.00
# Visual Studio Version 17
VisualStudioVersion = 17.3.32901.215
MinimumVisualStudioVersion = 10.0.40219.1
Project("{8BC9CEB8-8B4A-11D0-8D11-00A0C91BC942}") = "homework 26.10", "homework 26.10\homework 26.10.vcxproj", "{1EF024A6-FDF5-41B8-B0CD-F59C1EEC94A5}"
EndProject
Global
	GlobalSection(SolutionConfigurationPlatforms) = preSolution
		Debug|x64 = Debug|x64
		Debug|x86 = Debug|x86
		Release|x64 = Release|x64
		Release|x86 = Release|x86
	EndGlobalSection
	GlobalSection(ProjectConfigurationPlatforms) = postSolution
		{1EF024A6-FDF5-41B8-B0CD-F59C1EEC94A5}.Debug|x64.ActiveCfg = Debug|x64
		{1EF024A6-FDF5-41B8-B0CD-F59C1EEC94A5}.Debug|x64.Build.0 = Debug|x64
		{1EF024A6-FDF5-41B8-B0CD-F59C1EEC94A5}.Debug|x86.ActiveCfg = Debug|Win32
		{1EF024A6-FDF5-41B8-B0CD-F59C1EEC94A5}.Debug|x86.Build.0 = Debug|Win32
		{1EF024A6-FDF5-41B8-B0CD-F59C1EEC94A5}.Release|x64.ActiveCfg = Release|x64
		{1EF024A6-FDF5-41B8-B0CD-F59C1EEC94A5}.Release|x64.Build.0 = Release|x64
		{1EF024A6-FDF5-41B8-B0CD-F59C1EEC94A5}.Release|x86.ActiveCfg = Release|Win32
		{1EF024A6-FDF5-41B8-B0CD-F59C1EEC94A5}.Release|x86.Build.0 = Release|Win32
	EndGlobalSection
	GlobalSection(SolutionProperties) = preSolution
		HideSolutionNode = FALSE
	EndGlobalSection
	GlobalSection(ExtensibilityGlobals) = postSolution
		SolutionGuid = {4B15D740-1C44-4269-8A46-E380E24CCFB6}
	EndGlobalSection
EndGlobal
