
Microsoft Visual Studio Solution File, Format Version 12.00
# Visual Studio Version 17
VisualStudioVersion = 17.3.32901.215
MinimumVisualStudioVersion = 10.0.40219.1
Project("{8BC9CEB8-8B4A-11D0-8D11-00A0C91BC942}") = "classwork 19.10", "classwork 19.10\classwork 19.10.vcxproj", "{B0BE436F-D8D5-4E41-B52A-D42CE98FDE1D}"
EndProject
Global
	GlobalSection(SolutionConfigurationPlatforms) = preSolution
		Debug|x64 = Debug|x64
		Debug|x86 = Debug|x86
		Release|x64 = Release|x64
		Release|x86 = Release|x86
	EndGlobalSection
	GlobalSection(ProjectConfigurationPlatforms) = postSolution
		{B0BE436F-D8D5-4E41-B52A-D42CE98FDE1D}.Debug|x64.ActiveCfg = Debug|x64
		{B0BE436F-D8D5-4E41-B52A-D42CE98FDE1D}.Debug|x64.Build.0 = Debug|x64
		{B0BE436F-D8D5-4E41-B52A-D42CE98FDE1D}.Debug|x86.ActiveCfg = Debug|Win32
		{B0BE436F-D8D5-4E41-B52A-D42CE98FDE1D}.Debug|x86.Build.0 = Debug|Win32
		{B0BE436F-D8D5-4E41-B52A-D42CE98FDE1D}.Release|x64.ActiveCfg = Release|x64
		{B0BE436F-D8D5-4E41-B52A-D42CE98FDE1D}.Release|x64.Build.0 = Release|x64
		{B0BE436F-D8D5-4E41-B52A-D42CE98FDE1D}.Release|x86.ActiveCfg = Release|Win32
		{B0BE436F-D8D5-4E41-B52A-D42CE98FDE1D}.Release|x86.Build.0 = Release|Win32
	EndGlobalSection
	GlobalSection(SolutionProperties) = preSolution
		HideSolutionNode = FALSE
	EndGlobalSection
	GlobalSection(ExtensibilityGlobals) = postSolution
		SolutionGuid = {80C4F00A-A0EA-4614-9B7F-4193FC3E3D4E}
	EndGlobalSection
EndGlobal
